
Microsoft Visual Studio Solution File, Format Version 12.00
# Visual Studio Version 17
VisualStudioVersion = 17.0.32014.148
MinimumVisualStudioVersion = 10.0.40219.1
Project("{FAE04EC0-301F-11D3-BF4B-00C04F79EFBC}") = "ColordeConsola", "ColordeConsola\ColordeConsola.csproj", "{5E7FF443-DA90-4127-AE2D-A2F3007494C2}"
EndProject
Global
	GlobalSection(SolutionConfigurationPlatforms) = preSolution
		Debug|Any CPU = Debug|Any CPU
		Release|Any CPU = Release|Any CPU
	EndGlobalSection
	GlobalSection(ProjectConfigurationPlatforms) = postSolution
		{5E7FF443-DA90-4127-AE2D-A2F3007494C2}.Debug|Any CPU.ActiveCfg = Debug|Any CPU
		{5E7FF443-DA90-4127-AE2D-A2F3007494C2}.Debug|Any CPU.Build.0 = Debug|Any CPU
		{5E7FF443-DA90-4127-AE2D-A2F3007494C2}.Release|Any CPU.ActiveCfg = Release|Any CPU
		{5E7FF443-DA90-4127-AE2D-A2F3007494C2}.Release|Any CPU.Build.0 = Release|Any CPU
	EndGlobalSection
	GlobalSection(SolutionProperties) = preSolution
		HideSolutionNode = FALSE
	EndGlobalSection
	GlobalSection(ExtensibilityGlobals) = postSolution
		SolutionGuid = {20DF9BEA-F9D0-4B2D-A18D-78824F71770E}
	EndGlobalSection
EndGlobal
