
Microsoft Visual Studio Solution File, Format Version 12.00
# Visual Studio Version 17
VisualStudioVersion = 17.0.32014.148
MinimumVisualStudioVersion = 10.0.40219.1
Project("{FAE04EC0-301F-11D3-BF4B-00C04F79EFBC}") = "IfAnidados", "IfAnidados\IfAnidados.csproj", "{A3D8826B-EE68-4AD9-961A-E4E8B48C6F61}"
EndProject
Global
	GlobalSection(SolutionConfigurationPlatforms) = preSolution
		Debug|Any CPU = Debug|Any CPU
		Release|Any CPU = Release|Any CPU
	EndGlobalSection
	GlobalSection(ProjectConfigurationPlatforms) = postSolution
		{A3D8826B-EE68-4AD9-961A-E4E8B48C6F61}.Debug|Any CPU.ActiveCfg = Debug|Any CPU
		{A3D8826B-EE68-4AD9-961A-E4E8B48C6F61}.Debug|Any CPU.Build.0 = Debug|Any CPU
		{A3D8826B-EE68-4AD9-961A-E4E8B48C6F61}.Release|Any CPU.ActiveCfg = Release|Any CPU
		{A3D8826B-EE68-4AD9-961A-E4E8B48C6F61}.Release|Any CPU.Build.0 = Release|Any CPU
	EndGlobalSection
	GlobalSection(SolutionProperties) = preSolution
		HideSolutionNode = FALSE
	EndGlobalSection
	GlobalSection(ExtensibilityGlobals) = postSolution
		SolutionGuid = {5F8D2701-164E-4A24-93ED-1A5CFA3759C9}
	EndGlobalSection
EndGlobal
