
Microsoft Visual Studio Solution File, Format Version 12.00
# Visual Studio Version 17
VisualStudioVersion = 17.0.32014.148
MinimumVisualStudioVersion = 10.0.40219.1
Project("{FAE04EC0-301F-11D3-BF4B-00C04F79EFBC}") = "Constructores", "Constructores\Constructores.csproj", "{C6D9CDFC-D009-4BAE-BED3-E33CB8E175D6}"
EndProject
Global
	GlobalSection(SolutionConfigurationPlatforms) = preSolution
		Debug|Any CPU = Debug|Any CPU
		Release|Any CPU = Release|Any CPU
	EndGlobalSection
	GlobalSection(ProjectConfigurationPlatforms) = postSolution
		{C6D9CDFC-D009-4BAE-BED3-E33CB8E175D6}.Debug|Any CPU.ActiveCfg = Debug|Any CPU
		{C6D9CDFC-D009-4BAE-BED3-E33CB8E175D6}.Debug|Any CPU.Build.0 = Debug|Any CPU
		{C6D9CDFC-D009-4BAE-BED3-E33CB8E175D6}.Release|Any CPU.ActiveCfg = Release|Any CPU
		{C6D9CDFC-D009-4BAE-BED3-E33CB8E175D6}.Release|Any CPU.Build.0 = Release|Any CPU
	EndGlobalSection
	GlobalSection(SolutionProperties) = preSolution
		HideSolutionNode = FALSE
	EndGlobalSection
	GlobalSection(ExtensibilityGlobals) = postSolution
		SolutionGuid = {CEC80A86-04BA-4C10-9EBD-C48309CFEAF0}
	EndGlobalSection
EndGlobal
