
Microsoft Visual Studio Solution File, Format Version 12.00
# Visual Studio Version 17
VisualStudioVersion = 17.0.32014.148
MinimumVisualStudioVersion = 10.0.40219.1
Project("{FAE04EC0-301F-11D3-BF4B-00C04F79EFBC}") = "Tryparse", "Tryparse\Tryparse.csproj", "{5457BC5E-94E6-400C-BC98-4A9B5C6EF225}"
EndProject
Global
	GlobalSection(SolutionConfigurationPlatforms) = preSolution
		Debug|Any CPU = Debug|Any CPU
		Release|Any CPU = Release|Any CPU
	EndGlobalSection
	GlobalSection(ProjectConfigurationPlatforms) = postSolution
		{5457BC5E-94E6-400C-BC98-4A9B5C6EF225}.Debug|Any CPU.ActiveCfg = Debug|Any CPU
		{5457BC5E-94E6-400C-BC98-4A9B5C6EF225}.Debug|Any CPU.Build.0 = Debug|Any CPU
		{5457BC5E-94E6-400C-BC98-4A9B5C6EF225}.Release|Any CPU.ActiveCfg = Release|Any CPU
		{5457BC5E-94E6-400C-BC98-4A9B5C6EF225}.Release|Any CPU.Build.0 = Release|Any CPU
	EndGlobalSection
	GlobalSection(SolutionProperties) = preSolution
		HideSolutionNode = FALSE
	EndGlobalSection
	GlobalSection(ExtensibilityGlobals) = postSolution
		SolutionGuid = {29C0E61F-E081-46DD-ACD3-51D3BCFA354A}
	EndGlobalSection
EndGlobal
